
Microsoft Visual Studio Solution File, Format Version 12.00
# Visual Studio Version 16
VisualStudioVersion = 16.0.30204.135
MinimumVisualStudioVersion = 10.0.40219.1
Project("{2150E333-8FDC-42A3-9474-1A3956D46DE8}") = "Math", "Math", "{9A465DF8-992D-43A5-BEE5-C82BB1F2CA43}"
EndProject
Project("{2150E333-8FDC-42A3-9474-1A3956D46DE8}") = "Other", "Other", "{D13CC5D3-1556-469B-81EC-6D8DEA1A7D70}"
EndProject
Project("{2150E333-8FDC-42A3-9474-1A3956D46DE8}") = "Audio", "Audio", "{EF0F4970-3B9B-4C8A-B054-2E0BB27C02E6}"
EndProject
Project("{2150E333-8FDC-42A3-9474-1A3956D46DE8}") = "Graphics", "Graphics", "{F8C9F0FD-3691-4905-9D10-341B9A9380E3}"
EndProject
Project("{2150E333-8FDC-42A3-9474-1A3956D46DE8}") = "Xna", "Xna", "{7E7E8051-0099-41DB-A57D-26F0E05E499B}"
EndProject
Project("{2150E333-8FDC-42A3-9474-1A3956D46DE8}") = "Tests", "Tests", "{C4EF0C35-AD06-4362-80C6-AE7C8C7718E7}"
EndProject
Project("{2150E333-8FDC-42A3-9474-1A3956D46DE8}") = "Tests", "Tests", "{E9F86D0C-594B-4E65-A3DB-682F127FFA06}"
EndProject
Project("{2150E333-8FDC-42A3-9474-1A3956D46DE8}") = "Solution Items", "Solution Items", "{B517D2C0-3C3E-4FAD-BD93-247C9BE3DE22}"
	ProjectSection(SolutionItems) = preProject
		SolutionInfo.cs = SolutionInfo.cs
	EndProjectSection
EndProject
Project("{2150E333-8FDC-42A3-9474-1A3956D46DE8}") = "Game", "Game", "{64520F61-2FEC-4DDD-B019-D064B209C862}"
EndProject
Project("{2150E333-8FDC-42A3-9474-1A3956D46DE8}") = "Tests", "Tests", "{1A38DCE2-B5DD-4BB5-BCF9-371BFF08BDF1}"
EndProject
Project("{9A19103F-16F7-4668-BE54-9A1E7A4F7556}") = "Atom.Math", "Atom.Math\Atom.Math.csproj", "{CC3BC455-003C-43EE-8646-B53311A89298}"
EndProject
Project("{9A19103F-16F7-4668-BE54-9A1E7A4F7556}") = "Atom.Wpf", "Atom.Wpf\Atom.Wpf.csproj", "{3D499900-B7EB-45F9-A278-2768AD8E2762}"
EndProject
Project("{9A19103F-16F7-4668-BE54-9A1E7A4F7556}") = "Atom.Math.Graph", "Atom.Math.Graph\Atom.Math.Graph.csproj", "{C46B05FD-BB6D-4D71-85B3-1CCBDDD70F54}"
EndProject
Project("{9A19103F-16F7-4668-BE54-9A1E7A4F7556}") = "Atom.Fmod", "Atom.Fmod\Atom.Fmod.csproj", "{D7CDC846-347A-4CE4-B681-7D9FB1F28100}"
EndProject
Project("{FAE04EC0-301F-11D3-BF4B-00C04F79EFBC}") = "Atom.Xna.Particles", "Atom.Xna.Particles\Atom.Xna.Particles.csproj", "{4191D06D-FEC2-484E-B974-C7DBCF2FB6CF}"
EndProject
Project("{FAE04EC0-301F-11D3-BF4B-00C04F79EFBC}") = "Atom.Xna", "Atom.Xna\Atom.Xna.csproj", "{68DE8DA7-DBBD-4EAF-B992-E431DD88B4B4}"
EndProject
Project("{9A19103F-16F7-4668-BE54-9A1E7A4F7556}") = "Atom.ErrorReporting", "Atom.ErrorReporting\Atom.ErrorReporting.csproj", "{D75C8834-5EAD-414A-A1E0-FBE785676803}"
EndProject
Project("{9A19103F-16F7-4668-BE54-9A1E7A4F7556}") = "Atom.ErrorReporting.Wpf", "Atom.ErrorReporting.Wpf\Atom.ErrorReporting.Wpf.csproj", "{CAC10ECD-4383-42E9-8E42-69E025694562}"
EndProject
Project("{9A19103F-16F7-4668-BE54-9A1E7A4F7556}") = "Atom.AutoUpdate", "Atom.AutoUpdate\Atom.AutoUpdate.csproj", "{90DF489C-5730-40E0-BBDE-EA2CFE58EF62}"
EndProject
Project("{FAE04EC0-301F-11D3-BF4B-00C04F79EFBC}") = "Atom.Xna.Effects.HighDynamicRangeTest", "Atom.Xna.Effects.HighDynamicRangeTest\Atom.Xna.Effects.HighDynamicRangeTest.csproj", "{0568AE0C-2FE5-4FCC-8F94-A0F6CD845E4C}"
EndProject
Project("{FAE04EC0-301F-11D3-BF4B-00C04F79EFBC}") = "Atom.Xna.Wpf", "Atom.Xna.Wpf\Atom.Xna.Wpf.csproj", "{A68D9F32-4B38-49AA-AD99-8A98EEF80584}"
EndProject
Project("{FAE04EC0-301F-11D3-BF4B-00C04F79EFBC}") = "Atom.AI", "Atom.AI\Atom.AI.csproj", "{1FB22529-5D11-4FA5-9A53-A3246E23B059}"
EndProject
Project("{FAE04EC0-301F-11D3-BF4B-00C04F79EFBC}") = "Atom.Xna.UI", "Atom.Xna.UI\Atom.Xna.UI.csproj", "{AD153F26-3718-44CE-AD10-B8ADE52F8548}"
EndProject
Project("{FAE04EC0-301F-11D3-BF4B-00C04F79EFBC}") = "Atom.Game.Waypoints", "Atom.Game.Waypoints\Atom.Game.Waypoints.csproj", "{9D9E505B-917F-483C-8A94-4740EF06631B}"
EndProject
Project("{9A19103F-16F7-4668-BE54-9A1E7A4F7556}") = "Atom.Math.Graph.Tests", "Atom.Math.Graph.Tests\Atom.Math.Graph.Tests.csproj", "{043CFCC8-B64F-48BF-8966-C3EEE62C82EE}"
EndProject
Project("{9A19103F-16F7-4668-BE54-9A1E7A4F7556}") = "Atom.Math.Tests", "Atom.Math.Tests\Atom.Math.Tests.csproj", "{6D7E6547-5C4C-4E2F-8679-A77C46071E3B}"
EndProject
Project("{2150E333-8FDC-42A3-9474-1A3956D46DE8}") = "Xna", "Xna", "{005FC52D-F06F-492B-812F-D12E0DFDDB79}"
EndProject
Project("{9A19103F-16F7-4668-BE54-9A1E7A4F7556}") = "Atom.Game.Xna", "Atom.Game.Xna\Atom.Game.Xna.csproj", "{5CC454D7-396A-48AE-91DA-DBADE44FBFD9}"
EndProject
Project("{9A19103F-16F7-4668-BE54-9A1E7A4F7556}") = "Atom.ErrorReporting.Forms", "Atom.ErrorReporting.Forms\Atom.ErrorReporting.Forms.csproj", "{CD6ADDF9-7920-4897-AB85-A34440840A56}"
EndProject
Project("{9A19103F-16F7-4668-BE54-9A1E7A4F7556}") = "Atom.Mail", "Atom.Mail\Atom.Mail.csproj", "{C10B3000-E49D-4261-BDB7-48F4F1EB6F67}"
EndProject
Project("{2150E333-8FDC-42A3-9474-1A3956D46DE8}") = "Specifications", "Specifications", "{6A6C85E0-C878-46F1-AEE9-9DDE7FFBA75F}"
EndProject
Project("{FAE04EC0-301F-11D3-BF4B-00C04F79EFBC}") = "Atom.Game.Specifications", "Atom.Game.Specifications\Atom.Game.Specifications.csproj", "{D855B2A3-6752-48A3-B157-78212608E9A6}"
EndProject
Project("{2150E333-8FDC-42A3-9474-1A3956D46DE8}") = "Specifications", "Specifications", "{AD77F5E3-28BF-4D69-88FE-E66686BFBB1A}"
EndProject
Project("{9A19103F-16F7-4668-BE54-9A1E7A4F7556}") = "Atom.Scripting.Specs", "Atom.Scripting.Specs\Atom.Scripting.Specs.csproj", "{48161CB8-519B-446E-A8FF-B20A1B6F8BE8}"
EndProject
Project("{9A19103F-16F7-4668-BE54-9A1E7A4F7556}") = "Atom.Tests", "..\Tests\Atom.Tests\Atom.Tests.csproj", "{4A22DDEF-E447-416A-BAB1-27A9B0A9786B}"
EndProject
Project("{FAE04EC0-301F-11D3-BF4B-00C04F79EFBC}") = "Atom.Tests.Manual.Console", "..\Tests\Atom.Tests.Console\Atom.Tests.Manual.Console.csproj", "{32F3E659-6F33-4F1B-9E19-50C73361036F}"
EndProject
Project("{9A19103F-16F7-4668-BE54-9A1E7A4F7556}") = "Atom.Tests.Framework", "Atom.Test.Framework\Atom.Tests.Framework.csproj", "{F9C6D41B-5C7F-4579-AA68-80F3ADF6B0BB}"
EndProject
Project("{9A19103F-16F7-4668-BE54-9A1E7A4F7556}") = "Atom", "Atom\Atom.csproj", "{FD767621-6A9E-41D9-8AE1-68F39421344A}"
EndProject
Project("{9A19103F-16F7-4668-BE54-9A1E7A4F7556}") = "Atom.Scripting", "Atom.Scripting\Atom.Scripting.csproj", "{2AD99929-0526-4755-A302-5B1B4BB14B4E}"
EndProject
Project("{9A19103F-16F7-4668-BE54-9A1E7A4F7556}") = "Atom.Game", "Atom.Game.2D\Atom.Game.csproj", "{57A8DD5A-A41D-4498-81FF-803B56C13C9C}"
EndProject
Project("{9A19103F-16F7-4668-BE54-9A1E7A4F7556}") = "Atom.Design", "Atom.Design\Atom.Design.csproj", "{E82917B1-DAAE-4A92-AFB7-86C2F46E9B9D}"
EndProject
Project("{9A19103F-16F7-4668-BE54-9A1E7A4F7556}") = "Atom.Game.Design", "Atom.Game.Design\Atom.Game.Design.csproj", "{047B5AAE-1F5E-40E8-B634-243F6B6B7586}"
EndProject
Global
	GlobalSection(SolutionConfigurationPlatforms) = preSolution
		Debug|Any CPU = Debug|Any CPU
		Debug|x86 = Debug|x86
		Release|Any CPU = Release|Any CPU
		Release|x86 = Release|x86
	EndGlobalSection
	GlobalSection(ProjectConfigurationPlatforms) = postSolution
		{CC3BC455-003C-43EE-8646-B53311A89298}.Debug|Any CPU.ActiveCfg = Debug|x86
		{CC3BC455-003C-43EE-8646-B53311A89298}.Debug|x86.ActiveCfg = Debug|x86
		{CC3BC455-003C-43EE-8646-B53311A89298}.Debug|x86.Build.0 = Debug|x86
		{CC3BC455-003C-43EE-8646-B53311A89298}.Release|Any CPU.ActiveCfg = Release|Any CPU
		{CC3BC455-003C-43EE-8646-B53311A89298}.Release|Any CPU.Build.0 = Release|Any CPU
		{CC3BC455-003C-43EE-8646-B53311A89298}.Release|x86.ActiveCfg = Release|x86
		{CC3BC455-003C-43EE-8646-B53311A89298}.Release|x86.Build.0 = Release|x86
		{3D499900-B7EB-45F9-A278-2768AD8E2762}.Debug|Any CPU.ActiveCfg = Debug|x86
		{3D499900-B7EB-45F9-A278-2768AD8E2762}.Debug|x86.ActiveCfg = Debug|x86
		{3D499900-B7EB-45F9-A278-2768AD8E2762}.Debug|x86.Build.0 = Debug|x86
		{3D499900-B7EB-45F9-A278-2768AD8E2762}.Release|Any CPU.ActiveCfg = Release|Any CPU
		{3D499900-B7EB-45F9-A278-2768AD8E2762}.Release|Any CPU.Build.0 = Release|Any CPU
		{3D499900-B7EB-45F9-A278-2768AD8E2762}.Release|x86.ActiveCfg = Release|x86
		{3D499900-B7EB-45F9-A278-2768AD8E2762}.Release|x86.Build.0 = Release|x86
		{C46B05FD-BB6D-4D71-85B3-1CCBDDD70F54}.Debug|Any CPU.ActiveCfg = Debug|x86
		{C46B05FD-BB6D-4D71-85B3-1CCBDDD70F54}.Debug|x86.ActiveCfg = Debug|x86
		{C46B05FD-BB6D-4D71-85B3-1CCBDDD70F54}.Debug|x86.Build.0 = Debug|x86
		{C46B05FD-BB6D-4D71-85B3-1CCBDDD70F54}.Release|Any CPU.ActiveCfg = Release|Any CPU
		{C46B05FD-BB6D-4D71-85B3-1CCBDDD70F54}.Release|Any CPU.Build.0 = Release|Any CPU
		{C46B05FD-BB6D-4D71-85B3-1CCBDDD70F54}.Release|x86.ActiveCfg = Release|x86
		{C46B05FD-BB6D-4D71-85B3-1CCBDDD70F54}.Release|x86.Build.0 = Release|x86
		{D7CDC846-347A-4CE4-B681-7D9FB1F28100}.Debug|Any CPU.ActiveCfg = Debug|x86
		{D7CDC846-347A-4CE4-B681-7D9FB1F28100}.Debug|x86.ActiveCfg = Debug|x86
		{D7CDC846-347A-4CE4-B681-7D9FB1F28100}.Debug|x86.Build.0 = Debug|x86
		{D7CDC846-347A-4CE4-B681-7D9FB1F28100}.Release|Any CPU.ActiveCfg = Release|Any CPU
		{D7CDC846-347A-4CE4-B681-7D9FB1F28100}.Release|Any CPU.Build.0 = Release|Any CPU
		{D7CDC846-347A-4CE4-B681-7D9FB1F28100}.Release|x86.ActiveCfg = Release|x86
		{D7CDC846-347A-4CE4-B681-7D9FB1F28100}.Release|x86.Build.0 = Release|x86
		{4191D06D-FEC2-484E-B974-C7DBCF2FB6CF}.Debug|Any CPU.ActiveCfg = Debug|x86
		{4191D06D-FEC2-484E-B974-C7DBCF2FB6CF}.Debug|x86.ActiveCfg = Debug|x86
		{4191D06D-FEC2-484E-B974-C7DBCF2FB6CF}.Debug|x86.Build.0 = Debug|x86
		{4191D06D-FEC2-484E-B974-C7DBCF2FB6CF}.Release|Any CPU.ActiveCfg = Release|x86
		{4191D06D-FEC2-484E-B974-C7DBCF2FB6CF}.Release|Any CPU.Build.0 = Release|x86
		{4191D06D-FEC2-484E-B974-C7DBCF2FB6CF}.Release|x86.ActiveCfg = Release|x86
		{4191D06D-FEC2-484E-B974-C7DBCF2FB6CF}.Release|x86.Build.0 = Release|x86
		{68DE8DA7-DBBD-4EAF-B992-E431DD88B4B4}.Debug|Any CPU.ActiveCfg = Debug|x86
		{68DE8DA7-DBBD-4EAF-B992-E431DD88B4B4}.Debug|x86.ActiveCfg = Debug|x86
		{68DE8DA7-DBBD-4EAF-B992-E431DD88B4B4}.Debug|x86.Build.0 = Debug|x86
		{68DE8DA7-DBBD-4EAF-B992-E431DD88B4B4}.Release|Any CPU.ActiveCfg = Release|x86
		{68DE8DA7-DBBD-4EAF-B992-E431DD88B4B4}.Release|Any CPU.Build.0 = Release|x86
		{68DE8DA7-DBBD-4EAF-B992-E431DD88B4B4}.Release|x86.ActiveCfg = Release|x86
		{68DE8DA7-DBBD-4EAF-B992-E431DD88B4B4}.Release|x86.Build.0 = Release|x86
		{D75C8834-5EAD-414A-A1E0-FBE785676803}.Debug|Any CPU.ActiveCfg = Debug|x86
		{D75C8834-5EAD-414A-A1E0-FBE785676803}.Debug|x86.ActiveCfg = Debug|x86
		{D75C8834-5EAD-414A-A1E0-FBE785676803}.Debug|x86.Build.0 = Debug|x86
		{D75C8834-5EAD-414A-A1E0-FBE785676803}.Release|Any CPU.ActiveCfg = Release|Any CPU
		{D75C8834-5EAD-414A-A1E0-FBE785676803}.Release|Any CPU.Build.0 = Release|Any CPU
		{D75C8834-5EAD-414A-A1E0-FBE785676803}.Release|x86.ActiveCfg = Release|x86
		{D75C8834-5EAD-414A-A1E0-FBE785676803}.Release|x86.Build.0 = Release|x86
		{CAC10ECD-4383-42E9-8E42-69E025694562}.Debug|Any CPU.ActiveCfg = Debug|x86
		{CAC10ECD-4383-42E9-8E42-69E025694562}.Debug|x86.ActiveCfg = Debug|x86
		{CAC10ECD-4383-42E9-8E42-69E025694562}.Debug|x86.Build.0 = Debug|x86
		{CAC10ECD-4383-42E9-8E42-69E025694562}.Release|Any CPU.ActiveCfg = Release|Any CPU
		{CAC10ECD-4383-42E9-8E42-69E025694562}.Release|Any CPU.Build.0 = Release|Any CPU
		{CAC10ECD-4383-42E9-8E42-69E025694562}.Release|x86.ActiveCfg = Release|x86
		{CAC10ECD-4383-42E9-8E42-69E025694562}.Release|x86.Build.0 = Release|x86
		{90DF489C-5730-40E0-BBDE-EA2CFE58EF62}.Debug|Any CPU.ActiveCfg = Debug|x86
		{90DF489C-5730-40E0-BBDE-EA2CFE58EF62}.Debug|x86.ActiveCfg = Debug|x86
		{90DF489C-5730-40E0-BBDE-EA2CFE58EF62}.Debug|x86.Build.0 = Debug|x86
		{90DF489C-5730-40E0-BBDE-EA2CFE58EF62}.Release|Any CPU.ActiveCfg = Release|Any CPU
		{90DF489C-5730-40E0-BBDE-EA2CFE58EF62}.Release|Any CPU.Build.0 = Release|Any CPU
		{90DF489C-5730-40E0-BBDE-EA2CFE58EF62}.Release|x86.ActiveCfg = Release|x86
		{90DF489C-5730-40E0-BBDE-EA2CFE58EF62}.Release|x86.Build.0 = Release|x86
		{0568AE0C-2FE5-4FCC-8F94-A0F6CD845E4C}.Debug|Any CPU.ActiveCfg = Debug|x86
		{0568AE0C-2FE5-4FCC-8F94-A0F6CD845E4C}.Debug|x86.ActiveCfg = Debug|x86
		{0568AE0C-2FE5-4FCC-8F94-A0F6CD845E4C}.Release|Any CPU.ActiveCfg = Release|x86
		{0568AE0C-2FE5-4FCC-8F94-A0F6CD845E4C}.Release|Any CPU.Build.0 = Release|x86
		{0568AE0C-2FE5-4FCC-8F94-A0F6CD845E4C}.Release|x86.ActiveCfg = Release|x86
		{A68D9F32-4B38-49AA-AD99-8A98EEF80584}.Debug|Any CPU.ActiveCfg = Debug|x86
		{A68D9F32-4B38-49AA-AD99-8A98EEF80584}.Debug|x86.ActiveCfg = Debug|x86
		{A68D9F32-4B38-49AA-AD99-8A98EEF80584}.Debug|x86.Build.0 = Debug|x86
		{A68D9F32-4B38-49AA-AD99-8A98EEF80584}.Release|Any CPU.ActiveCfg = Release|x86
		{A68D9F32-4B38-49AA-AD99-8A98EEF80584}.Release|Any CPU.Build.0 = Release|x86
		{A68D9F32-4B38-49AA-AD99-8A98EEF80584}.Release|x86.ActiveCfg = Release|x86
		{A68D9F32-4B38-49AA-AD99-8A98EEF80584}.Release|x86.Build.0 = Release|x86
		{1FB22529-5D11-4FA5-9A53-A3246E23B059}.Debug|Any CPU.ActiveCfg = Debug|x86
		{1FB22529-5D11-4FA5-9A53-A3246E23B059}.Debug|x86.ActiveCfg = Debug|x86
		{1FB22529-5D11-4FA5-9A53-A3246E23B059}.Debug|x86.Build.0 = Debug|x86
		{1FB22529-5D11-4FA5-9A53-A3246E23B059}.Release|Any CPU.ActiveCfg = Release|x86
		{1FB22529-5D11-4FA5-9A53-A3246E23B059}.Release|Any CPU.Build.0 = Release|x86
		{1FB22529-5D11-4FA5-9A53-A3246E23B059}.Release|x86.ActiveCfg = Release|x86
		{1FB22529-5D11-4FA5-9A53-A3246E23B059}.Release|x86.Build.0 = Release|x86
		{AD153F26-3718-44CE-AD10-B8ADE52F8548}.Debug|Any CPU.ActiveCfg = Debug|x86
		{AD153F26-3718-44CE-AD10-B8ADE52F8548}.Debug|x86.ActiveCfg = Debug|x86
		{AD153F26-3718-44CE-AD10-B8ADE52F8548}.Debug|x86.Build.0 = Debug|x86
		{AD153F26-3718-44CE-AD10-B8ADE52F8548}.Release|Any CPU.ActiveCfg = Release|x86
		{AD153F26-3718-44CE-AD10-B8ADE52F8548}.Release|Any CPU.Build.0 = Release|x86
		{AD153F26-3718-44CE-AD10-B8ADE52F8548}.Release|x86.ActiveCfg = Release|x86
		{AD153F26-3718-44CE-AD10-B8ADE52F8548}.Release|x86.Build.0 = Release|x86
		{9D9E505B-917F-483C-8A94-4740EF06631B}.Debug|Any CPU.ActiveCfg = Debug|x86
		{9D9E505B-917F-483C-8A94-4740EF06631B}.Debug|x86.ActiveCfg = Debug|x86
		{9D9E505B-917F-483C-8A94-4740EF06631B}.Debug|x86.Build.0 = Debug|x86
		{9D9E505B-917F-483C-8A94-4740EF06631B}.Release|Any CPU.ActiveCfg = Release|x86
		{9D9E505B-917F-483C-8A94-4740EF06631B}.Release|Any CPU.Build.0 = Release|x86
		{9D9E505B-917F-483C-8A94-4740EF06631B}.Release|x86.ActiveCfg = Release|x86
		{9D9E505B-917F-483C-8A94-4740EF06631B}.Release|x86.Build.0 = Release|x86
		{043CFCC8-B64F-48BF-8966-C3EEE62C82EE}.Debug|Any CPU.ActiveCfg = Debug|x86
		{043CFCC8-B64F-48BF-8966-C3EEE62C82EE}.Debug|x86.ActiveCfg = Debug|x86
		{043CFCC8-B64F-48BF-8966-C3EEE62C82EE}.Release|Any CPU.ActiveCfg = Release|Any CPU
		{043CFCC8-B64F-48BF-8966-C3EEE62C82EE}.Release|Any CPU.Build.0 = Release|Any CPU
		{043CFCC8-B64F-48BF-8966-C3EEE62C82EE}.Release|x86.ActiveCfg = Release|x86
		{6D7E6547-5C4C-4E2F-8679-A77C46071E3B}.Debug|Any CPU.ActiveCfg = Debug|x86
		{6D7E6547-5C4C-4E2F-8679-A77C46071E3B}.Debug|x86.ActiveCfg = Debug|x86
		{6D7E6547-5C4C-4E2F-8679-A77C46071E3B}.Release|Any CPU.ActiveCfg = Release|Any CPU
		{6D7E6547-5C4C-4E2F-8679-A77C46071E3B}.Release|Any CPU.Build.0 = Release|Any CPU
		{6D7E6547-5C4C-4E2F-8679-A77C46071E3B}.Release|x86.ActiveCfg = Release|x86
		{5CC454D7-396A-48AE-91DA-DBADE44FBFD9}.Debug|Any CPU.ActiveCfg = Debug|x86
		{5CC454D7-396A-48AE-91DA-DBADE44FBFD9}.Debug|x86.ActiveCfg = Debug|x86
		{5CC454D7-396A-48AE-91DA-DBADE44FBFD9}.Debug|x86.Build.0 = Debug|x86
		{5CC454D7-396A-48AE-91DA-DBADE44FBFD9}.Release|Any CPU.ActiveCfg = Release|Any CPU
		{5CC454D7-396A-48AE-91DA-DBADE44FBFD9}.Release|Any CPU.Build.0 = Release|Any CPU
		{5CC454D7-396A-48AE-91DA-DBADE44FBFD9}.Release|x86.ActiveCfg = Release|x86
		{5CC454D7-396A-48AE-91DA-DBADE44FBFD9}.Release|x86.Build.0 = Release|x86
		{CD6ADDF9-7920-4897-AB85-A34440840A56}.Debug|Any CPU.ActiveCfg = Debug|x86
		{CD6ADDF9-7920-4897-AB85-A34440840A56}.Debug|x86.ActiveCfg = Debug|x86
		{CD6ADDF9-7920-4897-AB85-A34440840A56}.Debug|x86.Build.0 = Debug|x86
		{CD6ADDF9-7920-4897-AB85-A34440840A56}.Release|Any CPU.ActiveCfg = Release|Any CPU
		{CD6ADDF9-7920-4897-AB85-A34440840A56}.Release|Any CPU.Build.0 = Release|Any CPU
		{CD6ADDF9-7920-4897-AB85-A34440840A56}.Release|x86.ActiveCfg = Release|x86
		{CD6ADDF9-7920-4897-AB85-A34440840A56}.Release|x86.Build.0 = Release|x86
		{C10B3000-E49D-4261-BDB7-48F4F1EB6F67}.Debug|Any CPU.ActiveCfg = Debug|x86
		{C10B3000-E49D-4261-BDB7-48F4F1EB6F67}.Debug|x86.ActiveCfg = Debug|x86
		{C10B3000-E49D-4261-BDB7-48F4F1EB6F67}.Debug|x86.Build.0 = Debug|x86
		{C10B3000-E49D-4261-BDB7-48F4F1EB6F67}.Release|Any CPU.ActiveCfg = Release|Any CPU
		{C10B3000-E49D-4261-BDB7-48F4F1EB6F67}.Release|Any CPU.Build.0 = Release|Any CPU
		{C10B3000-E49D-4261-BDB7-48F4F1EB6F67}.Release|x86.ActiveCfg = Release|x86
		{C10B3000-E49D-4261-BDB7-48F4F1EB6F67}.Release|x86.Build.0 = Release|x86
		{D855B2A3-6752-48A3-B157-78212608E9A6}.Debug|Any CPU.ActiveCfg = Debug|x86
		{D855B2A3-6752-48A3-B157-78212608E9A6}.Debug|x86.ActiveCfg = Debug|x86
		{D855B2A3-6752-48A3-B157-78212608E9A6}.Release|Any CPU.ActiveCfg = Release|x86
		{D855B2A3-6752-48A3-B157-78212608E9A6}.Release|x86.ActiveCfg = Release|x86
		{48161CB8-519B-446E-A8FF-B20A1B6F8BE8}.Debug|Any CPU.ActiveCfg = Debug|x86
		{48161CB8-519B-446E-A8FF-B20A1B6F8BE8}.Debug|x86.ActiveCfg = Debug|x86
		{48161CB8-519B-446E-A8FF-B20A1B6F8BE8}.Debug|x86.Build.0 = Debug|x86
		{48161CB8-519B-446E-A8FF-B20A1B6F8BE8}.Release|Any CPU.ActiveCfg = Release|Any CPU
		{48161CB8-519B-446E-A8FF-B20A1B6F8BE8}.Release|Any CPU.Build.0 = Release|Any CPU
		{48161CB8-519B-446E-A8FF-B20A1B6F8BE8}.Release|x86.ActiveCfg = Release|x86
		{48161CB8-519B-446E-A8FF-B20A1B6F8BE8}.Release|x86.Build.0 = Release|x86
		{4A22DDEF-E447-416A-BAB1-27A9B0A9786B}.Debug|Any CPU.ActiveCfg = Debug|Any CPU
		{4A22DDEF-E447-416A-BAB1-27A9B0A9786B}.Debug|Any CPU.Build.0 = Debug|Any CPU
		{4A22DDEF-E447-416A-BAB1-27A9B0A9786B}.Debug|x86.ActiveCfg = Debug|x86
		{4A22DDEF-E447-416A-BAB1-27A9B0A9786B}.Debug|x86.Build.0 = Debug|x86
		{4A22DDEF-E447-416A-BAB1-27A9B0A9786B}.Release|Any CPU.ActiveCfg = Release|Any CPU
		{4A22DDEF-E447-416A-BAB1-27A9B0A9786B}.Release|Any CPU.Build.0 = Release|Any CPU
		{4A22DDEF-E447-416A-BAB1-27A9B0A9786B}.Release|x86.ActiveCfg = Release|x86
		{4A22DDEF-E447-416A-BAB1-27A9B0A9786B}.Release|x86.Build.0 = Release|x86
		{32F3E659-6F33-4F1B-9E19-50C73361036F}.Debug|Any CPU.ActiveCfg = Debug|Any CPU
		{32F3E659-6F33-4F1B-9E19-50C73361036F}.Debug|Any CPU.Build.0 = Debug|Any CPU
		{32F3E659-6F33-4F1B-9E19-50C73361036F}.Debug|x86.ActiveCfg = Debug|x86
		{32F3E659-6F33-4F1B-9E19-50C73361036F}.Debug|x86.Build.0 = Debug|x86
		{32F3E659-6F33-4F1B-9E19-50C73361036F}.Release|Any CPU.ActiveCfg = Release|Any CPU
		{32F3E659-6F33-4F1B-9E19-50C73361036F}.Release|x86.ActiveCfg = Release|x86
		{32F3E659-6F33-4F1B-9E19-50C73361036F}.Release|x86.Build.0 = Release|x86
		{F9C6D41B-5C7F-4579-AA68-80F3ADF6B0BB}.Debug|Any CPU.ActiveCfg = Debug|x86
		{F9C6D41B-5C7F-4579-AA68-80F3ADF6B0BB}.Debug|x86.ActiveCfg = Debug|x86
		{F9C6D41B-5C7F-4579-AA68-80F3ADF6B0BB}.Debug|x86.Build.0 = Debug|x86
		{F9C6D41B-5C7F-4579-AA68-80F3ADF6B0BB}.Release|Any CPU.ActiveCfg = Release|Any CPU
		{F9C6D41B-5C7F-4579-AA68-80F3ADF6B0BB}.Release|Any CPU.Build.0 = Release|Any CPU
		{F9C6D41B-5C7F-4579-AA68-80F3ADF6B0BB}.Release|x86.ActiveCfg = Release|x86
		{F9C6D41B-5C7F-4579-AA68-80F3ADF6B0BB}.Release|x86.Build.0 = Release|x86
		{FD767621-6A9E-41D9-8AE1-68F39421344A}.Debug|Any CPU.ActiveCfg = Debug|x86
		{FD767621-6A9E-41D9-8AE1-68F39421344A}.Debug|x86.ActiveCfg = Debug|x86
		{FD767621-6A9E-41D9-8AE1-68F39421344A}.Debug|x86.Build.0 = Debug|x86
		{FD767621-6A9E-41D9-8AE1-68F39421344A}.Release|Any CPU.ActiveCfg = Release|Any CPU
		{FD767621-6A9E-41D9-8AE1-68F39421344A}.Release|Any CPU.Build.0 = Release|Any CPU
		{FD767621-6A9E-41D9-8AE1-68F39421344A}.Release|x86.ActiveCfg = Release|x86
		{FD767621-6A9E-41D9-8AE1-68F39421344A}.Release|x86.Build.0 = Release|x86
		{2AD99929-0526-4755-A302-5B1B4BB14B4E}.Debug|Any CPU.ActiveCfg = Debug|x86
		{2AD99929-0526-4755-A302-5B1B4BB14B4E}.Debug|x86.ActiveCfg = Debug|x86
		{2AD99929-0526-4755-A302-5B1B4BB14B4E}.Debug|x86.Build.0 = Debug|x86
		{2AD99929-0526-4755-A302-5B1B4BB14B4E}.Release|Any CPU.ActiveCfg = Release|Any CPU
		{2AD99929-0526-4755-A302-5B1B4BB14B4E}.Release|Any CPU.Build.0 = Release|Any CPU
		{2AD99929-0526-4755-A302-5B1B4BB14B4E}.Release|x86.ActiveCfg = Release|x86
		{2AD99929-0526-4755-A302-5B1B4BB14B4E}.Release|x86.Build.0 = Release|x86
		{57A8DD5A-A41D-4498-81FF-803B56C13C9C}.Debug|Any CPU.ActiveCfg = Debug|x86
		{57A8DD5A-A41D-4498-81FF-803B56C13C9C}.Debug|x86.ActiveCfg = Debug|x86
		{57A8DD5A-A41D-4498-81FF-803B56C13C9C}.Debug|x86.Build.0 = Debug|x86
		{57A8DD5A-A41D-4498-81FF-803B56C13C9C}.Release|Any CPU.ActiveCfg = Release|x86
		{57A8DD5A-A41D-4498-81FF-803B56C13C9C}.Release|Any CPU.Build.0 = Release|x86
		{57A8DD5A-A41D-4498-81FF-803B56C13C9C}.Release|x86.ActiveCfg = Release|x86
		{57A8DD5A-A41D-4498-81FF-803B56C13C9C}.Release|x86.Build.0 = Release|x86
		{E82917B1-DAAE-4A92-AFB7-86C2F46E9B9D}.Debug|Any CPU.ActiveCfg = Debug|Any CPU
		{E82917B1-DAAE-4A92-AFB7-86C2F46E9B9D}.Debug|Any CPU.Build.0 = Debug|Any CPU
		{E82917B1-DAAE-4A92-AFB7-86C2F46E9B9D}.Debug|x86.ActiveCfg = Debug|Any CPU
		{E82917B1-DAAE-4A92-AFB7-86C2F46E9B9D}.Debug|x86.Build.0 = Debug|Any CPU
		{E82917B1-DAAE-4A92-AFB7-86C2F46E9B9D}.Release|Any CPU.ActiveCfg = Release|Any CPU
		{E82917B1-DAAE-4A92-AFB7-86C2F46E9B9D}.Release|Any CPU.Build.0 = Release|Any CPU
		{E82917B1-DAAE-4A92-AFB7-86C2F46E9B9D}.Release|x86.ActiveCfg = Release|Any CPU
		{E82917B1-DAAE-4A92-AFB7-86C2F46E9B9D}.Release|x86.Build.0 = Release|Any CPU
		{047B5AAE-1F5E-40E8-B634-243F6B6B7586}.Debug|Any CPU.ActiveCfg = Debug|Any CPU
		{047B5AAE-1F5E-40E8-B634-243F6B6B7586}.Debug|Any CPU.Build.0 = Debug|Any CPU
		{047B5AAE-1F5E-40E8-B634-243F6B6B7586}.Debug|x86.ActiveCfg = Debug|Any CPU
		{047B5AAE-1F5E-40E8-B634-243F6B6B7586}.Debug|x86.Build.0 = Debug|Any CPU
		{047B5AAE-1F5E-40E8-B634-243F6B6B7586}.Release|Any CPU.ActiveCfg = Release|Any CPU
		{047B5AAE-1F5E-40E8-B634-243F6B6B7586}.Release|Any CPU.Build.0 = Release|Any CPU
		{047B5AAE-1F5E-40E8-B634-243F6B6B7586}.Release|x86.ActiveCfg = Release|Any CPU
		{047B5AAE-1F5E-40E8-B634-243F6B6B7586}.Release|x86.Build.0 = Release|Any CPU
	EndGlobalSection
	GlobalSection(SolutionProperties) = preSolution
		HideSolutionNode = FALSE
	EndGlobalSection
	GlobalSection(NestedProjects) = preSolution
		{7E7E8051-0099-41DB-A57D-26F0E05E499B} = {F8C9F0FD-3691-4905-9D10-341B9A9380E3}
		{E9F86D0C-594B-4E65-A3DB-682F127FFA06} = {7E7E8051-0099-41DB-A57D-26F0E05E499B}
		{1A38DCE2-B5DD-4BB5-BCF9-371BFF08BDF1} = {9A465DF8-992D-43A5-BEE5-C82BB1F2CA43}
		{CC3BC455-003C-43EE-8646-B53311A89298} = {9A465DF8-992D-43A5-BEE5-C82BB1F2CA43}
		{3D499900-B7EB-45F9-A278-2768AD8E2762} = {F8C9F0FD-3691-4905-9D10-341B9A9380E3}
		{C46B05FD-BB6D-4D71-85B3-1CCBDDD70F54} = {9A465DF8-992D-43A5-BEE5-C82BB1F2CA43}
		{D7CDC846-347A-4CE4-B681-7D9FB1F28100} = {EF0F4970-3B9B-4C8A-B054-2E0BB27C02E6}
		{4191D06D-FEC2-484E-B974-C7DBCF2FB6CF} = {7E7E8051-0099-41DB-A57D-26F0E05E499B}
		{68DE8DA7-DBBD-4EAF-B992-E431DD88B4B4} = {7E7E8051-0099-41DB-A57D-26F0E05E499B}
		{D75C8834-5EAD-414A-A1E0-FBE785676803} = {D13CC5D3-1556-469B-81EC-6D8DEA1A7D70}
		{CAC10ECD-4383-42E9-8E42-69E025694562} = {D13CC5D3-1556-469B-81EC-6D8DEA1A7D70}
		{90DF489C-5730-40E0-BBDE-EA2CFE58EF62} = {D13CC5D3-1556-469B-81EC-6D8DEA1A7D70}
		{0568AE0C-2FE5-4FCC-8F94-A0F6CD845E4C} = {E9F86D0C-594B-4E65-A3DB-682F127FFA06}
		{A68D9F32-4B38-49AA-AD99-8A98EEF80584} = {7E7E8051-0099-41DB-A57D-26F0E05E499B}
		{1FB22529-5D11-4FA5-9A53-A3246E23B059} = {64520F61-2FEC-4DDD-B019-D064B209C862}
		{AD153F26-3718-44CE-AD10-B8ADE52F8548} = {7E7E8051-0099-41DB-A57D-26F0E05E499B}
		{9D9E505B-917F-483C-8A94-4740EF06631B} = {64520F61-2FEC-4DDD-B019-D064B209C862}
		{043CFCC8-B64F-48BF-8966-C3EEE62C82EE} = {1A38DCE2-B5DD-4BB5-BCF9-371BFF08BDF1}
		{6D7E6547-5C4C-4E2F-8679-A77C46071E3B} = {1A38DCE2-B5DD-4BB5-BCF9-371BFF08BDF1}
		{005FC52D-F06F-492B-812F-D12E0DFDDB79} = {64520F61-2FEC-4DDD-B019-D064B209C862}
		{5CC454D7-396A-48AE-91DA-DBADE44FBFD9} = {005FC52D-F06F-492B-812F-D12E0DFDDB79}
		{CD6ADDF9-7920-4897-AB85-A34440840A56} = {D13CC5D3-1556-469B-81EC-6D8DEA1A7D70}
		{C10B3000-E49D-4261-BDB7-48F4F1EB6F67} = {D13CC5D3-1556-469B-81EC-6D8DEA1A7D70}
		{6A6C85E0-C878-46F1-AEE9-9DDE7FFBA75F} = {64520F61-2FEC-4DDD-B019-D064B209C862}
		{D855B2A3-6752-48A3-B157-78212608E9A6} = {6A6C85E0-C878-46F1-AEE9-9DDE7FFBA75F}
		{AD77F5E3-28BF-4D69-88FE-E66686BFBB1A} = {D13CC5D3-1556-469B-81EC-6D8DEA1A7D70}
		{48161CB8-519B-446E-A8FF-B20A1B6F8BE8} = {AD77F5E3-28BF-4D69-88FE-E66686BFBB1A}
		{4A22DDEF-E447-416A-BAB1-27A9B0A9786B} = {C4EF0C35-AD06-4362-80C6-AE7C8C7718E7}
		{32F3E659-6F33-4F1B-9E19-50C73361036F} = {C4EF0C35-AD06-4362-80C6-AE7C8C7718E7}
		{F9C6D41B-5C7F-4579-AA68-80F3ADF6B0BB} = {C4EF0C35-AD06-4362-80C6-AE7C8C7718E7}
		{57A8DD5A-A41D-4498-81FF-803B56C13C9C} = {64520F61-2FEC-4DDD-B019-D064B209C862}
		{047B5AAE-1F5E-40E8-B634-243F6B6B7586} = {64520F61-2FEC-4DDD-B019-D064B209C862}
	EndGlobalSection
	GlobalSection(ExtensibilityGlobals) = postSolution
		SolutionGuid = {6A87264B-C0F4-4E58-B179-ACAC7D69D506}
	EndGlobalSection
	GlobalSection(SubversionScc) = preSolution
		Svn-Managed = True
		Manager = AnkhSVN - Subversion Support for Visual Studio
	EndGlobalSection
EndGlobal
